
Microsoft Visual Studio Solution File, Format Version 12.00
# Visual Studio Version 17
VisualStudioVersion = 17.11.35327.3
MinimumVisualStudioVersion = 10.0.40219.1
Project("{F184B08F-C81C-45F6-A57F-5ABD9991F28F}") = "kalkulator", "kalkulator.vbproj", "{6590E6A8-C032-4680-9777-02CA0EB8E634}"
EndProject
Global
	GlobalSection(SolutionConfigurationPlatforms) = preSolution
		Debug|Any CPU = Debug|Any CPU
		Release|Any CPU = Release|Any CPU
	EndGlobalSection
	GlobalSection(ProjectConfigurationPlatforms) = postSolution
		{6590E6A8-C032-4680-9777-02CA0EB8E634}.Debug|Any CPU.ActiveCfg = Release|Any CPU
		{6590E6A8-C032-4680-9777-02CA0EB8E634}.Debug|Any CPU.Build.0 = Release|Any CPU
		{6590E6A8-C032-4680-9777-02CA0EB8E634}.Release|Any CPU.ActiveCfg = Release|Any CPU
		{6590E6A8-C032-4680-9777-02CA0EB8E634}.Release|Any CPU.Build.0 = Release|Any CPU
	EndGlobalSection
	GlobalSection(SolutionProperties) = preSolution
		HideSolutionNode = FALSE
	EndGlobalSection
	GlobalSection(ExtensibilityGlobals) = postSolution
		SolutionGuid = {F5CE1C9E-3C38-456E-9C5F-3247A5CACF04}
	EndGlobalSection
EndGlobal
